// !$*UTF8*$!
{
	archiveVersion = 1;
	classes = {
	};
	objectVersion = 46;
	objects = {

/* Begin PBXBuildFile section */
		0BE93E4F1CAFB4C6003558CA /* (null) in Resources */ = {isa = PBXBuildFile; };
		0CB25C1D4B758B58BD0B063C /* Pods.framework in Frameworks */ = {isa = PBXBuildFile; fileRef = 77AEF81FB5932F3795664450 /* Pods.framework */; };
		33357FD51CC907E2008C22A5 /* ConfirmOrderViewController.m in Sources */ = {isa = PBXBuildFile; fileRef = 33357FD41CC907E2008C22A5 /* ConfirmOrderViewController.m */; };
		335066641CCD149B00DD91E9 /* EditAddressController.m in Sources */ = {isa = PBXBuildFile; fileRef = 335066631CCD149B00DD91E9 /* EditAddressController.m */; };
		335066671CCD17A400DD91E9 /* User.m in Sources */ = {isa = PBXBuildFile; fileRef = 335066661CCD17A400DD91E9 /* User.m */; };
		3378E8F31CBE40B5004E7DFE /* ViewController.m in Sources */ = {isa = PBXBuildFile; fileRef = 3378E8F21CBE40B5004E7DFE /* ViewController.m */; };
		338AE9D91CCCB95100488029 /* AddressCell.m in Sources */ = {isa = PBXBuildFile; fileRef = 338AE9D81CCCB95100488029 /* AddressCell.m */; };
		338AE9DD1CCCB9C600488029 /* AddressController.m in Sources */ = {isa = PBXBuildFile; fileRef = 338AE9DC1CCCB9C600488029 /* AddressController.m */; };
		33A9D5661CB4D9310005F7BA /* SuperMarketViewController.m in Sources */ = {isa = PBXBuildFile; fileRef = 33A9D5651CB4D9310005F7BA /* SuperMarketViewController.m */; };
		33A9D57B1CB4D96F0005F7BA /* Categories.m in Sources */ = {isa = PBXBuildFile; fileRef = 33A9D57A1CB4D96F0005F7BA /* Categories.m */; };
		33CCD3F61CD1B5E600324729 /* SubCategories.m in Sources */ = {isa = PBXBuildFile; fileRef = 33CCD3F51CD1B5E600324729 /* SubCategories.m */; };
		33D550671CBFB58A003E4EE3 /* SCBottomTool.m in Sources */ = {isa = PBXBuildFile; fileRef = 33D550641CBFB58A003E4EE3 /* SCBottomTool.m */; };
		33D5506D1CBFB5BD003E4EE3 /* LoginViewController.m in Sources */ = {isa = PBXBuildFile; fileRef = 33D5506A1CBFB5BD003E4EE3 /* LoginViewController.m */; };
		33D5506E1CBFB5BD003E4EE3 /* RegisterViewController.m in Sources */ = {isa = PBXBuildFile; fileRef = 33D5506C1CBFB5BD003E4EE3 /* RegisterViewController.m */; };
		33D5506F1CBFB61D003E4EE3 /* SubCategoriesCell.m in Sources */ = {isa = PBXBuildFile; fileRef = 3B33A37F1CB5FF7000506665 /* SubCategoriesCell.m */; };
		33D550701CBFB650003E4EE3 /* PersonalMsgController.m in Sources */ = {isa = PBXBuildFile; fileRef = 3BD6389B1CB64AFF0077D2A4 /* PersonalMsgController.m */; };
		33D550891CBFD4FD003E4EE3 /* SpecialCommCell.m in Sources */ = {isa = PBXBuildFile; fileRef = 3B8311A11CBE197300D6FA69 /* SpecialCommCell.m */; };
		33D5508C1CBFD678003E4EE3 /* CDBottomTool.m in Sources */ = {isa = PBXBuildFile; fileRef = 33D5508B1CBFD678003E4EE3 /* CDBottomTool.m */; };
		33D5A1171CBFE4E700E88EA8 /* SCCommCell.m in Sources */ = {isa = PBXBuildFile; fileRef = 33D5A1161CBFE4E700E88EA8 /* SCCommCell.m */; };
		33D8AD451CCC8C1800CEF593 /* ConfirmOrderCell.m in Sources */ = {isa = PBXBuildFile; fileRef = 33D8AD441CCC8C1800CEF593 /* ConfirmOrderCell.m */; };
		33EE6DB01CB3B5DD00FA55FC /* categories.plist in Resources */ = {isa = PBXBuildFile; fileRef = 33EE6DAF1CB3B5DD00FA55FC /* categories.plist */; };
		3B0A6D2C1CCA2C2D00C99CB7 /* FMDBsql.m in Sources */ = {isa = PBXBuildFile; fileRef = 3B0A6D2B1CCA2C2D00C99CB7 /* FMDBsql.m */; };
		3B1D3E9D1CD9FAD700D77D6F /* EditAddressCell.m in Sources */ = {isa = PBXBuildFile; fileRef = 3B1D3E9C1CD9FAD700D77D6F /* EditAddressCell.m */; };
		3B2961101CD389CC00A4E89D /* NotifitionSender.m in Sources */ = {isa = PBXBuildFile; fileRef = 3B29610F1CD389CC00A4E89D /* NotifitionSender.m */; };
		3B2961131CD3935000A4E89D /* OrderCommCell.m in Sources */ = {isa = PBXBuildFile; fileRef = 3B2961121CD3935000A4E89D /* OrderCommCell.m */; };
		3B2961161CD395BF00A4E89D /* OrderCommShowCell.m in Sources */ = {isa = PBXBuildFile; fileRef = 3B2961151CD395BF00A4E89D /* OrderCommShowCell.m */; };
		3B33A3821CB5FF7000506665 /* CategoriesCell.m in Sources */ = {isa = PBXBuildFile; fileRef = 3B33A37B1CB5FF7000506665 /* CategoriesCell.m */; };
		3B5889391CAFFDA400074B96 /* HCHeaderCollectionCell.m in Sources */ = {isa = PBXBuildFile; fileRef = 3B5889381CAFFDA400074B96 /* HCHeaderCollectionCell.m */; };
		3B67F4F81CDC532B00E61F24 /* DefaultAddressCell.m in Sources */ = {isa = PBXBuildFile; fileRef = 3B67F4F71CDC532B00E61F24 /* DefaultAddressCell.m */; };
		3B71D7371CD1DB5100F5B9F6 /* OrderViewController.m in Sources */ = {isa = PBXBuildFile; fileRef = 3B71D7361CD1DB5100F5B9F6 /* OrderViewController.m */; };
		3B71D73E1CD1FB6100F5B9F6 /* Address.m in Sources */ = {isa = PBXBuildFile; fileRef = 3B71D73D1CD1FB6100F5B9F6 /* Address.m */; };
		3B71D7411CD1FB8000F5B9F6 /* Order.m in Sources */ = {isa = PBXBuildFile; fileRef = 3B71D7401CD1FB8000F5B9F6 /* Order.m */; };
		3B83119C1CBE15F200D6FA69 /* SpecialCommdityController.m in Sources */ = {isa = PBXBuildFile; fileRef = 3B83119B1CBE15F200D6FA69 /* SpecialCommdityController.m */; };
		3B8311A51CBE9B8E00D6FA69 /* LbMiddleLine.m in Sources */ = {isa = PBXBuildFile; fileRef = 3B8311A41CBE9B8E00D6FA69 /* LbMiddleLine.m */; };
		3B84ED671CBF659200E16A6F /* SCCAddAndMinusView.m in Sources */ = {isa = PBXBuildFile; fileRef = 3B84ED661CBF659200E16A6F /* SCCAddAndMinusView.m */; };
		3B8946831CAF95A500959786 /* HomepageCell.m in Sources */ = {isa = PBXBuildFile; fileRef = 3B8946821CAF95A500959786 /* HomepageCell.m */; };
		3B8946861CAFBA4400959786 /* HCLastFootView.m in Sources */ = {isa = PBXBuildFile; fileRef = 3B8946851CAFBA4400959786 /* HCLastFootView.m */; };
		3B89468C1CAFC84900959786 /* HCHeaderView.m in Sources */ = {isa = PBXBuildFile; fileRef = 3B89468B1CAFC84900959786 /* HCHeaderView.m */; };
		3B89468F1CAFF03C00959786 /* HCHeaderCell.m in Sources */ = {isa = PBXBuildFile; fileRef = 3B89468E1CAFF03C00959786 /* HCHeaderCell.m */; };
		3B9E13661CBA29E2003BB0A5 /* AFRequest.m in Sources */ = {isa = PBXBuildFile; fileRef = 3B9E13651CBA29E1003BB0A5 /* AFRequest.m */; };
		3B9E4E611CE19A1200C159B0 /* AdvertViewController.m in Sources */ = {isa = PBXBuildFile; fileRef = 3B9E4E601CE19A1200C159B0 /* AdvertViewController.m */; };
		3B9E4E651CE19AAD00C159B0 /* AdvertWebView.m in Sources */ = {isa = PBXBuildFile; fileRef = 3B9E4E641CE19AAD00C159B0 /* AdvertWebView.m */; };
		3BB8B8DB1CD22EA600C77FA9 /* OrderCell.m in Sources */ = {isa = PBXBuildFile; fileRef = 3BB8B8DA1CD22EA600C77FA9 /* OrderCell.m */; };
		3BB8B8DE1CD23D9800C77FA9 /* OrderDetailController.m in Sources */ = {isa = PBXBuildFile; fileRef = 3BB8B8DD1CD23D9800C77FA9 /* OrderDetailController.m */; };
		3BB8B8E11CD248FE00C77FA9 /* OrderDetailCell.m in Sources */ = {isa = PBXBuildFile; fileRef = 3BB8B8E01CD248FE00C77FA9 /* OrderDetailCell.m */; };
		3BBA9D851CAD13C100DF67B7 /* CommCell.m in Sources */ = {isa = PBXBuildFile; fileRef = 3BBA9D841CAD13C100DF67B7 /* CommCell.m */; };
		3BBF20C81CE05C1F0089C954 /* ChangeNameView.m in Sources */ = {isa = PBXBuildFile; fileRef = 3BBF20C71CE05C1F0089C954 /* ChangeNameView.m */; };
		3BBF20CB1CE0D1820089C954 /* Advert.m in Sources */ = {isa = PBXBuildFile; fileRef = 3BBF20CA1CE0D1820089C954 /* Advert.m */; };
		3BD638911CB6293D0077D2A4 /* PersonalCell.m in Sources */ = {isa = PBXBuildFile; fileRef = 3BD638901CB6293D0077D2A4 /* PersonalCell.m */; };
		3BD638991CB643CC0077D2A4 /* PersonalMsgCell.m in Sources */ = {isa = PBXBuildFile; fileRef = 3BD638981CB643CC0077D2A4 /* PersonalMsgCell.m */; };
		3BD638A01CB653480077D2A4 /* PersonMsgCell.m in Sources */ = {isa = PBXBuildFile; fileRef = 3BD6389F1CB653480077D2A4 /* PersonMsgCell.m */; };
		3BD638A31CB65F6D0077D2A4 /* PersonalNameController.m in Sources */ = {isa = PBXBuildFile; fileRef = 3BD638A21CB65F6D0077D2A4 /* PersonalNameController.m */; };
		3BD86DC61CAEACE0004B651B /* ShoppingCartController.m in Sources */ = {isa = PBXBuildFile; fileRef = 3BD86DC51CAEACE0004B651B /* ShoppingCartController.m */; };
		3BD86DCA1CAEAD36004B651B /* PersonalViewController.m in Sources */ = {isa = PBXBuildFile; fileRef = 3BD86DC91CAEAD36004B651B /* PersonalViewController.m */; };
		3BD8EF5B1CB4B37900194F21 /* LRFootView.m in Sources */ = {isa = PBXBuildFile; fileRef = 3BD8EF5A1CB4B37900194F21 /* LRFootView.m */; };
		3BD8EF5E1CB4B8A600194F21 /* LRTableviewCell.m in Sources */ = {isa = PBXBuildFile; fileRef = 3BD8EF5D1CB4B8A600194F21 /* LRTableviewCell.m */; };
		3BDEDD931CBCBE8900E67A3F /* CommDetailViewController.m in Sources */ = {isa = PBXBuildFile; fileRef = 3BDEDD921CBCBE8900E67A3F /* CommDetailViewController.m */; };
		3BDEDD9A1CBCBECC00E67A3F /* ShoppingCart.m in Sources */ = {isa = PBXBuildFile; fileRef = 3BDEDD981CBCBECC00E67A3F /* ShoppingCart.m */; };
		3BE2AE181CB60E8000247429 /* Commodity.m in Sources */ = {isa = PBXBuildFile; fileRef = 3BE2AE171CB60E8000247429 /* Commodity.m */; };
		3BF269C91CACF9D600173221 /* BaseViewController.m in Sources */ = {isa = PBXBuildFile; fileRef = 3BF269C81CACF9D600173221 /* BaseViewController.m */; };
		3BF269CC1CACFA6700173221 /* RootTabBarController.m in Sources */ = {isa = PBXBuildFile; fileRef = 3BF269CB1CACFA6700173221 /* RootTabBarController.m */; };
		3BF492591CAE68BB00FB8B10 /* HomepageController.m in Sources */ = {isa = PBXBuildFile; fileRef = 3BF492581CAE68BB00FB8B10 /* HomepageController.m */; };
		3BFFAE521CACF7F40099D766 /* main.m in Sources */ = {isa = PBXBuildFile; fileRef = 3BFFAE511CACF7F30099D766 /* main.m */; };
		3BFFAE551CACF7F40099D766 /* AppDelegate.m in Sources */ = {isa = PBXBuildFile; fileRef = 3BFFAE541CACF7F40099D766 /* AppDelegate.m */; };
		3BFFAE5B1CACF7F40099D766 /* Main.storyboard in Resources */ = {isa = PBXBuildFile; fileRef = 3BFFAE591CACF7F40099D766 /* Main.storyboard */; };
		3BFFAE5D1CACF7F40099D766 /* Assets.xcassets in Resources */ = {isa = PBXBuildFile; fileRef = 3BFFAE5C1CACF7F40099D766 /* Assets.xcassets */; };
		3BFFAE601CACF7F40099D766 /* LaunchScreen.storyboard in Resources */ = {isa = PBXBuildFile; fileRef = 3BFFAE5E1CACF7F40099D766 /* LaunchScreen.storyboard */; };
		3BFFAE6B1CACF7F40099D766 /* SchoolMarketTests.m in Sources */ = {isa = PBXBuildFile; fileRef = 3BFFAE6A1CACF7F40099D766 /* SchoolMarketTests.m */; };
		3BFFAE761CACF7F40099D766 /* SchoolMarketUITests.m in Sources */ = {isa = PBXBuildFile; fileRef = 3BFFAE751CACF7F40099D766 /* SchoolMarketUITests.m */; };
/* End PBXBuildFile section */

/* Begin PBXContainerItemProxy section */
		3BFFAE671CACF7F40099D766 /* PBXContainerItemProxy */ = {
			isa = PBXContainerItemProxy;
			containerPortal = 3BFFAE451CACF7F30099D766 /* Project object */;
			proxyType = 1;
			remoteGlobalIDString = 3BFFAE4C1CACF7F30099D766;
			remoteInfo = SchoolMarket;
		};
		3BFFAE721CACF7F40099D766 /* PBXContainerItemProxy */ = {
			isa = PBXContainerItemProxy;
			containerPortal = 3BFFAE451CACF7F30099D766 /* Project object */;
			proxyType = 1;
			remoteGlobalIDString = 3BFFAE4C1CACF7F30099D766;
			remoteInfo = SchoolMarket;
		};
/* End PBXContainerItemProxy section */

/* Begin PBXFileReference section */
		33357FD31CC907E2008C22A5 /* ConfirmOrderViewController.h */ = {isa = PBXFileReference; fileEncoding = 4; lastKnownFileType = sourcecode.c.h; name = ConfirmOrderViewController.h; path = ShoppingCart/ConfirmOrderViewController.h; sourceTree = "<group>"; };
		33357FD41CC907E2008C22A5 /* ConfirmOrderViewController.m */ = {isa = PBXFileReference; fileEncoding = 4; lastKnownFileType = sourcecode.c.objc; name = ConfirmOrderViewController.m; path = ShoppingCart/ConfirmOrderViewController.m; sourceTree = "<group>"; };
		335066621CCD149B00DD91E9 /* EditAddressController.h */ = {isa = PBXFileReference; fileEncoding = 4; lastKnownFileType = sourcecode.c.h; name = EditAddressController.h; path = Personal/Address/EditAddressController.h; sourceTree = "<group>"; };
		335066631CCD149B00DD91E9 /* EditAddressController.m */ = {isa = PBXFileReference; fileEncoding = 4; lastKnownFileType = sourcecode.c.objc; name = EditAddressController.m; path = Personal/Address/EditAddressController.m; sourceTree = "<group>"; };
		335066651CCD17A400DD91E9 /* User.h */ = {isa = PBXFileReference; fileEncoding = 4; lastKnownFileType = sourcecode.c.h; path = User.h; sourceTree = "<group>"; };
		335066661CCD17A400DD91E9 /* User.m */ = {isa = PBXFileReference; fileEncoding = 4; lastKnownFileType = sourcecode.c.objc; path = User.m; sourceTree = "<group>"; };
		3378E8F11CBE40B5004E7DFE /* ViewController.h */ = {isa = PBXFileReference; fileEncoding = 4; lastKnownFileType = sourcecode.c.h; path = ViewController.h; sourceTree = "<group>"; };
		3378E8F21CBE40B5004E7DFE /* ViewController.m */ = {isa = PBXFileReference; fileEncoding = 4; lastKnownFileType = sourcecode.c.objc; path = ViewController.m; sourceTree = "<group>"; };
		338AE9D71CCCB95100488029 /* AddressCell.h */ = {isa = PBXFileReference; fileEncoding = 4; lastKnownFileType = sourcecode.c.h; name = AddressCell.h; path = Personal/Address/AddressCell.h; sourceTree = "<group>"; };
		338AE9D81CCCB95100488029 /* AddressCell.m */ = {isa = PBXFileReference; fileEncoding = 4; lastKnownFileType = sourcecode.c.objc; name = AddressCell.m; path = Personal/Address/AddressCell.m; sourceTree = "<group>"; };
		338AE9DB1CCCB9C600488029 /* AddressController.h */ = {isa = PBXFileReference; fileEncoding = 4; lastKnownFileType = sourcecode.c.h; name = AddressController.h; path = Personal/Address/AddressController.h; sourceTree = "<group>"; };
		338AE9DC1CCCB9C600488029 /* AddressController.m */ = {isa = PBXFileReference; fileEncoding = 4; lastKnownFileType = sourcecode.c.objc; name = AddressController.m; path = Personal/Address/AddressController.m; sourceTree = "<group>"; };
		33A9D54A1CB4D71B0005F7BA /* AFRequest.h */ = {isa = PBXFileReference; fileEncoding = 4; lastKnownFileType = sourcecode.c.h; name = AFRequest.h; path = AFNetworking/AFRequest.h; sourceTree = "<group>"; };
		33A9D5641CB4D9310005F7BA /* SuperMarketViewController.h */ = {isa = PBXFileReference; fileEncoding = 4; lastKnownFileType = sourcecode.c.h; path = SuperMarketViewController.h; sourceTree = "<group>"; };
		33A9D5651CB4D9310005F7BA /* SuperMarketViewController.m */ = {isa = PBXFileReference; fileEncoding = 4; lastKnownFileType = sourcecode.c.objc; path = SuperMarketViewController.m; sourceTree = "<group>"; };
		33A9D5791CB4D96F0005F7BA /* Categories.h */ = {isa = PBXFileReference; fileEncoding = 4; lastKnownFileType = sourcecode.c.h; name = Categories.h; path = SuperMarket/Categories.h; sourceTree = "<group>"; };
		33A9D57A1CB4D96F0005F7BA /* Categories.m */ = {isa = PBXFileReference; fileEncoding = 4; lastKnownFileType = sourcecode.c.objc; name = Categories.m; path = SuperMarket/Categories.m; sourceTree = "<group>"; };
		33CCD3F41CD1B5E600324729 /* SubCategories.h */ = {isa = PBXFileReference; fileEncoding = 4; lastKnownFileType = sourcecode.c.h; name = SubCategories.h; path = SuperMarket/SubCategories.h; sourceTree = "<group>"; };
		33CCD3F51CD1B5E600324729 /* SubCategories.m */ = {isa = PBXFileReference; fileEncoding = 4; lastKnownFileType = sourcecode.c.objc; name = SubCategories.m; path = SuperMarket/SubCategories.m; sourceTree = "<group>"; };
		33D550631CBFB58A003E4EE3 /* SCBottomTool.h */ = {isa = PBXFileReference; fileEncoding = 4; lastKnownFileType = sourcecode.c.h; name = SCBottomTool.h; path = ShoppingCart/SCBottomTool.h; sourceTree = "<group>"; };
		33D550641CBFB58A003E4EE3 /* SCBottomTool.m */ = {isa = PBXFileReference; fileEncoding = 4; lastKnownFileType = sourcecode.c.objc; name = SCBottomTool.m; path = ShoppingCart/SCBottomTool.m; sourceTree = "<group>"; };
		33D550691CBFB5BD003E4EE3 /* LoginViewController.h */ = {isa = PBXFileReference; fileEncoding = 4; lastKnownFileType = sourcecode.c.h; name = LoginViewController.h; path = Login/LoginViewController.h; sourceTree = "<group>"; };
		33D5506A1CBFB5BD003E4EE3 /* LoginViewController.m */ = {isa = PBXFileReference; fileEncoding = 4; lastKnownFileType = sourcecode.c.objc; name = LoginViewController.m; path = Login/LoginViewController.m; sourceTree = "<group>"; };
		33D5506B1CBFB5BD003E4EE3 /* RegisterViewController.h */ = {isa = PBXFileReference; fileEncoding = 4; lastKnownFileType = sourcecode.c.h; name = RegisterViewController.h; path = Login/RegisterViewController.h; sourceTree = "<group>"; };
		33D5506C1CBFB5BD003E4EE3 /* RegisterViewController.m */ = {isa = PBXFileReference; fileEncoding = 4; lastKnownFileType = sourcecode.c.objc; name = RegisterViewController.m; path = Login/RegisterViewController.m; sourceTree = "<group>"; };
		33D5508A1CBFD678003E4EE3 /* CDBottomTool.h */ = {isa = PBXFileReference; fileEncoding = 4; lastKnownFileType = sourcecode.c.h; name = CDBottomTool.h; path = CommDetail/CDBottomTool.h; sourceTree = "<group>"; };
		33D5508B1CBFD678003E4EE3 /* CDBottomTool.m */ = {isa = PBXFileReference; fileEncoding = 4; lastKnownFileType = sourcecode.c.objc; name = CDBottomTool.m; path = CommDetail/CDBottomTool.m; sourceTree = "<group>"; };
		33D5A1151CBFE4E700E88EA8 /* SCCommCell.h */ = {isa = PBXFileReference; fileEncoding = 4; lastKnownFileType = sourcecode.c.h; name = SCCommCell.h; path = ShoppingCart/SCCommCell.h; sourceTree = "<group>"; };
		33D5A1161CBFE4E700E88EA8 /* SCCommCell.m */ = {isa = PBXFileReference; fileEncoding = 4; lastKnownFileType = sourcecode.c.objc; name = SCCommCell.m; path = ShoppingCart/SCCommCell.m; sourceTree = "<group>"; };
		33D8AD431CCC8C1800CEF593 /* ConfirmOrderCell.h */ = {isa = PBXFileReference; fileEncoding = 4; lastKnownFileType = sourcecode.c.h; name = ConfirmOrderCell.h; path = ShoppingCart/ConfirmOrderCell.h; sourceTree = "<group>"; };
		33D8AD441CCC8C1800CEF593 /* ConfirmOrderCell.m */ = {isa = PBXFileReference; fileEncoding = 4; lastKnownFileType = sourcecode.c.objc; name = ConfirmOrderCell.m; path = ShoppingCart/ConfirmOrderCell.m; sourceTree = "<group>"; };
		33EE6DAF1CB3B5DD00FA55FC /* categories.plist */ = {isa = PBXFileReference; fileEncoding = 4; lastKnownFileType = text.plist.xml; path = categories.plist; sourceTree = "<group>"; };
		3B0A6D2A1CCA2C2D00C99CB7 /* FMDBsql.h */ = {isa = PBXFileReference; fileEncoding = 4; lastKnownFileType = sourcecode.c.h; name = FMDBsql.h; path = FMDB/FMDBsql.h; sourceTree = "<group>"; };
		3B0A6D2B1CCA2C2D00C99CB7 /* FMDBsql.m */ = {isa = PBXFileReference; fileEncoding = 4; lastKnownFileType = sourcecode.c.objc; name = FMDBsql.m; path = FMDB/FMDBsql.m; sourceTree = "<group>"; };
		3B1D3E9B1CD9FAD700D77D6F /* EditAddressCell.h */ = {isa = PBXFileReference; fileEncoding = 4; lastKnownFileType = sourcecode.c.h; name = EditAddressCell.h; path = Personal/Address/EditAddressCell.h; sourceTree = "<group>"; };
		3B1D3E9C1CD9FAD700D77D6F /* EditAddressCell.m */ = {isa = PBXFileReference; fileEncoding = 4; lastKnownFileType = sourcecode.c.objc; name = EditAddressCell.m; path = Personal/Address/EditAddressCell.m; sourceTree = "<group>"; };
		3B29610E1CD389CC00A4E89D /* NotifitionSender.h */ = {isa = PBXFileReference; fileEncoding = 4; lastKnownFileType = sourcecode.c.h; name = NotifitionSender.h; path = Notification/NotifitionSender.h; sourceTree = "<group>"; };
		3B29610F1CD389CC00A4E89D /* NotifitionSender.m */ = {isa = PBXFileReference; fileEncoding = 4; lastKnownFileType = sourcecode.c.objc; name = NotifitionSender.m; path = Notification/NotifitionSender.m; sourceTree = "<group>"; };
		3B2961111CD3935000A4E89D /* OrderCommCell.h */ = {isa = PBXFileReference; fileEncoding = 4; lastKnownFileType = sourcecode.c.h; name = OrderCommCell.h; path = Personal/Order/OrderCommCell.h; sourceTree = "<group>"; };
		3B2961121CD3935000A4E89D /* OrderCommCell.m */ = {isa = PBXFileReference; fileEncoding = 4; lastKnownFileType = sourcecode.c.objc; name = OrderCommCell.m; path = Personal/Order/OrderCommCell.m; sourceTree = "<group>"; };
		3B2961141CD395BF00A4E89D /* OrderCommShowCell.h */ = {isa = PBXFileReference; fileEncoding = 4; lastKnownFileType = sourcecode.c.h; name = OrderCommShowCell.h; path = Personal/Order/OrderCommShowCell.h; sourceTree = "<group>"; };
		3B2961151CD395BF00A4E89D /* OrderCommShowCell.m */ = {isa = PBXFileReference; fileEncoding = 4; lastKnownFileType = sourcecode.c.objc; name = OrderCommShowCell.m; path = Personal/Order/OrderCommShowCell.m; sourceTree = "<group>"; };
		3B33A37A1CB5FF7000506665 /* CategoriesCell.h */ = {isa = PBXFileReference; fileEncoding = 4; lastKnownFileType = sourcecode.c.h; path = CategoriesCell.h; sourceTree = "<group>"; };
		3B33A37B1CB5FF7000506665 /* CategoriesCell.m */ = {isa = PBXFileReference; fileEncoding = 4; lastKnownFileType = sourcecode.c.objc; path = CategoriesCell.m; sourceTree = "<group>"; };
		3B33A37E1CB5FF7000506665 /* SubCategoriesCell.h */ = {isa = PBXFileReference; fileEncoding = 4; lastKnownFileType = sourcecode.c.h; path = SubCategoriesCell.h; sourceTree = "<group>"; };
		3B33A37F1CB5FF7000506665 /* SubCategoriesCell.m */ = {isa = PBXFileReference; fileEncoding = 4; lastKnownFileType = sourcecode.c.objc; path = SubCategoriesCell.m; sourceTree = "<group>"; };
		3B5889371CAFFDA400074B96 /* HCHeaderCollectionCell.h */ = {isa = PBXFileReference; fileEncoding = 4; lastKnownFileType = sourcecode.c.h; name = HCHeaderCollectionCell.h; path = Homepage/HCHeaderCollectionCell.h; sourceTree = "<group>"; };
		3B5889381CAFFDA400074B96 /* HCHeaderCollectionCell.m */ = {isa = PBXFileReference; fileEncoding = 4; lastKnownFileType = sourcecode.c.objc; name = HCHeaderCollectionCell.m; path = Homepage/HCHeaderCollectionCell.m; sourceTree = "<group>"; };
		3B67F4F61CDC532B00E61F24 /* DefaultAddressCell.h */ = {isa = PBXFileReference; fileEncoding = 4; lastKnownFileType = sourcecode.c.h; name = DefaultAddressCell.h; path = Personal/Address/DefaultAddressCell.h; sourceTree = "<group>"; };
		3B67F4F71CDC532B00E61F24 /* DefaultAddressCell.m */ = {isa = PBXFileReference; fileEncoding = 4; lastKnownFileType = sourcecode.c.objc; name = DefaultAddressCell.m; path = Personal/Address/DefaultAddressCell.m; sourceTree = "<group>"; };
		3B71D7351CD1DB5100F5B9F6 /* OrderViewController.h */ = {isa = PBXFileReference; fileEncoding = 4; lastKnownFileType = sourcecode.c.h; name = OrderViewController.h; path = Personal/Order/OrderViewController.h; sourceTree = "<group>"; };
		3B71D7361CD1DB5100F5B9F6 /* OrderViewController.m */ = {isa = PBXFileReference; fileEncoding = 4; lastKnownFileType = sourcecode.c.objc; name = OrderViewController.m; path = Personal/Order/OrderViewController.m; sourceTree = "<group>"; };
		3B71D73C1CD1FB6100F5B9F6 /* Address.h */ = {isa = PBXFileReference; fileEncoding = 4; lastKnownFileType = sourcecode.c.h; path = Address.h; sourceTree = "<group>"; };
		3B71D73D1CD1FB6100F5B9F6 /* Address.m */ = {isa = PBXFileReference; fileEncoding = 4; lastKnownFileType = sourcecode.c.objc; path = Address.m; sourceTree = "<group>"; };
		3B71D73F1CD1FB8000F5B9F6 /* Order.h */ = {isa = PBXFileReference; fileEncoding = 4; lastKnownFileType = sourcecode.c.h; path = Order.h; sourceTree = "<group>"; };
		3B71D7401CD1FB8000F5B9F6 /* Order.m */ = {isa = PBXFileReference; fileEncoding = 4; lastKnownFileType = sourcecode.c.objc; path = Order.m; sourceTree = "<group>"; };
		3B83119A1CBE15F200D6FA69 /* SpecialCommdityController.h */ = {isa = PBXFileReference; fileEncoding = 4; lastKnownFileType = sourcecode.c.h; name = SpecialCommdityController.h; path = Homepage/SpecialCommdityController.h; sourceTree = "<group>"; };
		3B83119B1CBE15F200D6FA69 /* SpecialCommdityController.m */ = {isa = PBXFileReference; fileEncoding = 4; lastKnownFileType = sourcecode.c.objc; name = SpecialCommdityController.m; path = Homepage/SpecialCommdityController.m; sourceTree = "<group>"; };
		3B8311A01CBE197300D6FA69 /* SpecialCommCell.h */ = {isa = PBXFileReference; fileEncoding = 4; lastKnownFileType = sourcecode.c.h; name = SpecialCommCell.h; path = Homepage/SpecialView/SpecialCommCell.h; sourceTree = "<group>"; };
		3B8311A11CBE197300D6FA69 /* SpecialCommCell.m */ = {isa = PBXFileReference; fileEncoding = 4; lastKnownFileType = sourcecode.c.objc; name = SpecialCommCell.m; path = Homepage/SpecialView/SpecialCommCell.m; sourceTree = "<group>"; };
		3B8311A31CBE9B8E00D6FA69 /* LbMiddleLine.h */ = {isa = PBXFileReference; fileEncoding = 4; lastKnownFileType = sourcecode.c.h; name = LbMiddleLine.h; path = Homepage/SpecialView/LbMiddleLine.h; sourceTree = "<group>"; };
		3B8311A41CBE9B8E00D6FA69 /* LbMiddleLine.m */ = {isa = PBXFileReference; fileEncoding = 4; lastKnownFileType = sourcecode.c.objc; name = LbMiddleLine.m; path = Homepage/SpecialView/LbMiddleLine.m; sourceTree = "<group>"; };
		3B84ED651CBF659200E16A6F /* SCCAddAndMinusView.h */ = {isa = PBXFileReference; fileEncoding = 4; lastKnownFileType = sourcecode.c.h; name = SCCAddAndMinusView.h; path = Homepage/SpecialView/SCCAddAndMinusView.h; sourceTree = "<group>"; };
		3B84ED661CBF659200E16A6F /* SCCAddAndMinusView.m */ = {isa = PBXFileReference; fileEncoding = 4; lastKnownFileType = sourcecode.c.objc; name = SCCAddAndMinusView.m; path = Homepage/SpecialView/SCCAddAndMinusView.m; sourceTree = "<group>"; };
		3B8946811CAF95A500959786 /* HomepageCell.h */ = {isa = PBXFileReference; fileEncoding = 4; lastKnownFileType = sourcecode.c.h; name = HomepageCell.h; path = Homepage/HomepageCell.h; sourceTree = "<group>"; };
		3B8946821CAF95A500959786 /* HomepageCell.m */ = {isa = PBXFileReference; fileEncoding = 4; lastKnownFileType = sourcecode.c.objc; name = HomepageCell.m; path = Homepage/HomepageCell.m; sourceTree = "<group>"; };
		3B8946841CAFBA4400959786 /* HCLastFootView.h */ = {isa = PBXFileReference; fileEncoding = 4; lastKnownFileType = sourcecode.c.h; name = HCLastFootView.h; path = Homepage/HCLastFootView.h; sourceTree = "<group>"; };
		3B8946851CAFBA4400959786 /* HCLastFootView.m */ = {isa = PBXFileReference; fileEncoding = 4; lastKnownFileType = sourcecode.c.objc; name = HCLastFootView.m; path = Homepage/HCLastFootView.m; sourceTree = "<group>"; };
		3B89468A1CAFC84900959786 /* HCHeaderView.h */ = {isa = PBXFileReference; fileEncoding = 4; lastKnownFileType = sourcecode.c.h; name = HCHeaderView.h; path = Homepage/HCHeaderView.h; sourceTree = "<group>"; };
		3B89468B1CAFC84900959786 /* HCHeaderView.m */ = {isa = PBXFileReference; fileEncoding = 4; lastKnownFileType = sourcecode.c.objc; name = HCHeaderView.m; path = Homepage/HCHeaderView.m; sourceTree = "<group>"; };
		3B89468D1CAFF03C00959786 /* HCHeaderCell.h */ = {isa = PBXFileReference; fileEncoding = 4; lastKnownFileType = sourcecode.c.h; name = HCHeaderCell.h; path = Homepage/HCHeaderCell.h; sourceTree = "<group>"; };
		3B89468E1CAFF03C00959786 /* HCHeaderCell.m */ = {isa = PBXFileReference; fileEncoding = 4; lastKnownFileType = sourcecode.c.objc; name = HCHeaderCell.m; path = Homepage/HCHeaderCell.m; sourceTree = "<group>"; };
		3B9E13651CBA29E1003BB0A5 /* AFRequest.m */ = {isa = PBXFileReference; fileEncoding = 4; lastKnownFileType = sourcecode.c.objc; name = AFRequest.m; path = AFNetworking/AFRequest.m; sourceTree = "<group>"; };
		3B9E4E5F1CE19A1200C159B0 /* AdvertViewController.h */ = {isa = PBXFileReference; fileEncoding = 4; lastKnownFileType = sourcecode.c.h; name = AdvertViewController.h; path = Homepage/AdvertViewController.h; sourceTree = "<group>"; };
		3B9E4E601CE19A1200C159B0 /* AdvertViewController.m */ = {isa = PBXFileReference; fileEncoding = 4; lastKnownFileType = sourcecode.c.objc; name = AdvertViewController.m; path = Homepage/AdvertViewController.m; sourceTree = "<group>"; };
		3B9E4E631CE19AAD00C159B0 /* AdvertWebView.h */ = {isa = PBXFileReference; fileEncoding = 4; lastKnownFileType = sourcecode.c.h; name = AdvertWebView.h; path = Homepage/AdvertView/AdvertWebView.h; sourceTree = "<group>"; };
		3B9E4E641CE19AAD00C159B0 /* AdvertWebView.m */ = {isa = PBXFileReference; fileEncoding = 4; lastKnownFileType = sourcecode.c.objc; name = AdvertWebView.m; path = Homepage/AdvertView/AdvertWebView.m; sourceTree = "<group>"; };
		3BB8B8D91CD22EA600C77FA9 /* OrderCell.h */ = {isa = PBXFileReference; fileEncoding = 4; lastKnownFileType = sourcecode.c.h; name = OrderCell.h; path = Personal/Order/OrderCell.h; sourceTree = "<group>"; };
		3BB8B8DA1CD22EA600C77FA9 /* OrderCell.m */ = {isa = PBXFileReference; fileEncoding = 4; lastKnownFileType = sourcecode.c.objc; name = OrderCell.m; path = Personal/Order/OrderCell.m; sourceTree = "<group>"; };
		3BB8B8DC1CD23D9800C77FA9 /* OrderDetailController.h */ = {isa = PBXFileReference; fileEncoding = 4; lastKnownFileType = sourcecode.c.h; name = OrderDetailController.h; path = Personal/Order/OrderDetailController.h; sourceTree = "<group>"; };
		3BB8B8DD1CD23D9800C77FA9 /* OrderDetailController.m */ = {isa = PBXFileReference; fileEncoding = 4; lastKnownFileType = sourcecode.c.objc; name = OrderDetailController.m; path = Personal/Order/OrderDetailController.m; sourceTree = "<group>"; };
		3BB8B8DF1CD248FE00C77FA9 /* OrderDetailCell.h */ = {isa = PBXFileReference; fileEncoding = 4; lastKnownFileType = sourcecode.c.h; name = OrderDetailCell.h; path = Personal/Order/OrderDetailCell.h; sourceTree = "<group>"; };
		3BB8B8E01CD248FE00C77FA9 /* OrderDetailCell.m */ = {isa = PBXFileReference; fileEncoding = 4; lastKnownFileType = sourcecode.c.objc; name = OrderDetailCell.m; path = Personal/Order/OrderDetailCell.m; sourceTree = "<group>"; };
		3BBA9D831CAD13C100DF67B7 /* CommCell.h */ = {isa = PBXFileReference; fileEncoding = 4; lastKnownFileType = sourcecode.c.h; name = CommCell.h; path = Cell/CommCell.h; sourceTree = "<group>"; };
		3BBA9D841CAD13C100DF67B7 /* CommCell.m */ = {isa = PBXFileReference; fileEncoding = 4; lastKnownFileType = sourcecode.c.objc; name = CommCell.m; path = Cell/CommCell.m; sourceTree = "<group>"; };
		3BBF20C61CE05C1F0089C954 /* ChangeNameView.h */ = {isa = PBXFileReference; fileEncoding = 4; lastKnownFileType = sourcecode.c.h; name = ChangeNameView.h; path = Personal/PersonalMsg/ChangeNameView.h; sourceTree = "<group>"; };
		3BBF20C71CE05C1F0089C954 /* ChangeNameView.m */ = {isa = PBXFileReference; fileEncoding = 4; lastKnownFileType = sourcecode.c.objc; name = ChangeNameView.m; path = Personal/PersonalMsg/ChangeNameView.m; sourceTree = "<group>"; };
		3BBF20C91CE0D1810089C954 /* Advert.h */ = {isa = PBXFileReference; fileEncoding = 4; lastKnownFileType = sourcecode.c.h; path = Advert.h; sourceTree = "<group>"; };
		3BBF20CA1CE0D1820089C954 /* Advert.m */ = {isa = PBXFileReference; fileEncoding = 4; lastKnownFileType = sourcecode.c.objc; path = Advert.m; sourceTree = "<group>"; };
		3BD6388F1CB6293D0077D2A4 /* PersonalCell.h */ = {isa = PBXFileReference; fileEncoding = 4; lastKnownFileType = sourcecode.c.h; name = PersonalCell.h; path = Personal/PersonalCell.h; sourceTree = "<group>"; };
		3BD638901CB6293D0077D2A4 /* PersonalCell.m */ = {isa = PBXFileReference; fileEncoding = 4; lastKnownFileType = sourcecode.c.objc; name = PersonalCell.m; path = Personal/PersonalCell.m; sourceTree = "<group>"; };
		3BD638931CB62C280077D2A4 /* PersonalHeader.h */ = {isa = PBXFileReference; fileEncoding = 4; lastKnownFileType = sourcecode.c.h; name = PersonalHeader.h; path = Personal/PersonalHeader.h; sourceTree = "<group>"; };
		3BD638971CB643CC0077D2A4 /* PersonalMsgCell.h */ = {isa = PBXFileReference; fileEncoding = 4; lastKnownFileType = sourcecode.c.h; name = PersonalMsgCell.h; path = Personal/PersonalMsgCell.h; sourceTree = "<group>"; };
		3BD638981CB643CC0077D2A4 /* PersonalMsgCell.m */ = {isa = PBXFileReference; fileEncoding = 4; lastKnownFileType = sourcecode.c.objc; name = PersonalMsgCell.m; path = Personal/PersonalMsgCell.m; sourceTree = "<group>"; };
		3BD6389A1CB64AFF0077D2A4 /* PersonalMsgController.h */ = {isa = PBXFileReference; fileEncoding = 4; lastKnownFileType = sourcecode.c.h; name = PersonalMsgController.h; path = Personal/PersonalMsgController.h; sourceTree = "<group>"; };
		3BD6389B1CB64AFF0077D2A4 /* PersonalMsgController.m */ = {isa = PBXFileReference; fileEncoding = 4; lastKnownFileType = sourcecode.c.objc; name = PersonalMsgController.m; path = Personal/PersonalMsgController.m; sourceTree = "<group>"; };
		3BD6389E1CB653480077D2A4 /* PersonMsgCell.h */ = {isa = PBXFileReference; fileEncoding = 4; lastKnownFileType = sourcecode.c.h; name = PersonMsgCell.h; path = Personal/PersonalMsg/PersonMsgCell.h; sourceTree = "<group>"; };
		3BD6389F1CB653480077D2A4 /* PersonMsgCell.m */ = {isa = PBXFileReference; fileEncoding = 4; lastKnownFileType = sourcecode.c.objc; name = PersonMsgCell.m; path = Personal/PersonalMsg/PersonMsgCell.m; sourceTree = "<group>"; };
		3BD638A11CB65F6D0077D2A4 /* PersonalNameController.h */ = {isa = PBXFileReference; fileEncoding = 4; lastKnownFileType = sourcecode.c.h; name = PersonalNameController.h; path = Personal/PersonalNameController.h; sourceTree = "<group>"; };
		3BD638A21CB65F6D0077D2A4 /* PersonalNameController.m */ = {isa = PBXFileReference; fileEncoding = 4; lastKnownFileType = sourcecode.c.objc; name = PersonalNameController.m; path = Personal/PersonalNameController.m; sourceTree = "<group>"; };
		3BD86DC41CAEACE0004B651B /* ShoppingCartController.h */ = {isa = PBXFileReference; fileEncoding = 4; lastKnownFileType = sourcecode.c.h; name = ShoppingCartController.h; path = ShoppingCart/ShoppingCartController.h; sourceTree = "<group>"; };
		3BD86DC51CAEACE0004B651B /* ShoppingCartController.m */ = {isa = PBXFileReference; fileEncoding = 4; lastKnownFileType = sourcecode.c.objc; name = ShoppingCartController.m; path = ShoppingCart/ShoppingCartController.m; sourceTree = "<group>"; };
		3BD86DC81CAEAD36004B651B /* PersonalViewController.h */ = {isa = PBXFileReference; fileEncoding = 4; lastKnownFileType = sourcecode.c.h; name = PersonalViewController.h; path = Personal/PersonalViewController.h; sourceTree = "<group>"; };
		3BD86DC91CAEAD36004B651B /* PersonalViewController.m */ = {isa = PBXFileReference; fileEncoding = 4; lastKnownFileType = sourcecode.c.objc; name = PersonalViewController.m; path = Personal/PersonalViewController.m; sourceTree = "<group>"; };
		3BD8EF591CB4B37900194F21 /* LRFootView.h */ = {isa = PBXFileReference; fileEncoding = 4; lastKnownFileType = sourcecode.c.h; name = LRFootView.h; path = Login/LRFootView.h; sourceTree = "<group>"; };
		3BD8EF5A1CB4B37900194F21 /* LRFootView.m */ = {isa = PBXFileReference; fileEncoding = 4; lastKnownFileType = sourcecode.c.objc; name = LRFootView.m; path = Login/LRFootView.m; sourceTree = "<group>"; };
		3BD8EF5C1CB4B8A600194F21 /* LRTableviewCell.h */ = {isa = PBXFileReference; fileEncoding = 4; lastKnownFileType = sourcecode.c.h; name = LRTableviewCell.h; path = Login/LRTableviewCell.h; sourceTree = "<group>"; };
		3BD8EF5D1CB4B8A600194F21 /* LRTableviewCell.m */ = {isa = PBXFileReference; fileEncoding = 4; lastKnownFileType = sourcecode.c.objc; name = LRTableviewCell.m; path = Login/LRTableviewCell.m; sourceTree = "<group>"; };
		3BD8EF5F1CB4BBF700194F21 /* LoginHeader.h */ = {isa = PBXFileReference; fileEncoding = 4; lastKnownFileType = sourcecode.c.h; name = LoginHeader.h; path = Login/LoginHeader.h; sourceTree = "<group>"; };
		3BDEDD911CBCBE8900E67A3F /* CommDetailViewController.h */ = {isa = PBXFileReference; fileEncoding = 4; lastKnownFileType = sourcecode.c.h; name = CommDetailViewController.h; path = CommDetail/CommDetailViewController.h; sourceTree = "<group>"; };
		3BDEDD921CBCBE8900E67A3F /* CommDetailViewController.m */ = {isa = PBXFileReference; fileEncoding = 4; lastKnownFileType = sourcecode.c.objc; name = CommDetailViewController.m; path = CommDetail/CommDetailViewController.m; sourceTree = "<group>"; };
		3BDEDD971CBCBECC00E67A3F /* ShoppingCart.h */ = {isa = PBXFileReference; fileEncoding = 4; lastKnownFileType = sourcecode.c.h; name = ShoppingCart.h; path = ShoppingCart/ShoppingCart.h; sourceTree = "<group>"; };
		3BDEDD981CBCBECC00E67A3F /* ShoppingCart.m */ = {isa = PBXFileReference; fileEncoding = 4; lastKnownFileType = sourcecode.c.objc; name = ShoppingCart.m; path = ShoppingCart/ShoppingCart.m; sourceTree = "<group>"; };
		3BE2AE161CB60E8000247429 /* Commodity.h */ = {isa = PBXFileReference; fileEncoding = 4; lastKnownFileType = sourcecode.c.h; path = Commodity.h; sourceTree = "<group>"; };
		3BE2AE171CB60E8000247429 /* Commodity.m */ = {isa = PBXFileReference; fileEncoding = 4; lastKnownFileType = sourcecode.c.objc; path = Commodity.m; sourceTree = "<group>"; };
		3BF269C71CACF9D600173221 /* BaseViewController.h */ = {isa = PBXFileReference; fileEncoding = 4; lastKnownFileType = sourcecode.c.h; path = BaseViewController.h; sourceTree = "<group>"; };
		3BF269C81CACF9D600173221 /* BaseViewController.m */ = {isa = PBXFileReference; fileEncoding = 4; lastKnownFileType = sourcecode.c.objc; path = BaseViewController.m; sourceTree = "<group>"; };
		3BF269CA1CACFA6700173221 /* RootTabBarController.h */ = {isa = PBXFileReference; fileEncoding = 4; lastKnownFileType = sourcecode.c.h; path = RootTabBarController.h; sourceTree = "<group>"; };
		3BF269CB1CACFA6700173221 /* RootTabBarController.m */ = {isa = PBXFileReference; fileEncoding = 4; lastKnownFileType = sourcecode.c.objc; path = RootTabBarController.m; sourceTree = "<group>"; };
		3BF35CFB1CB411B600BDF195 /* HomepageView.h */ = {isa = PBXFileReference; fileEncoding = 4; lastKnownFileType = sourcecode.c.h; name = HomepageView.h; path = Homepage/HomepageView.h; sourceTree = "<group>"; };
		3BF492571CAE68BB00FB8B10 /* HomepageController.h */ = {isa = PBXFileReference; fileEncoding = 4; lastKnownFileType = sourcecode.c.h; name = HomepageController.h; path = Homepage/HomepageController.h; sourceTree = "<group>"; };
		3BF492581CAE68BB00FB8B10 /* HomepageController.m */ = {isa = PBXFileReference; fileEncoding = 4; lastKnownFileType = sourcecode.c.objc; name = HomepageController.m; path = Homepage/HomepageController.m; sourceTree = "<group>"; };
		3BFFAE4D1CACF7F30099D766 /* SchoolMarket.app */ = {isa = PBXFileReference; explicitFileType = wrapper.application; includeInIndex = 0; path = SchoolMarket.app; sourceTree = BUILT_PRODUCTS_DIR; };
		3BFFAE511CACF7F30099D766 /* main.m */ = {isa = PBXFileReference; lastKnownFileType = sourcecode.c.objc; path = main.m; sourceTree = "<group>"; };
		3BFFAE531CACF7F40099D766 /* AppDelegate.h */ = {isa = PBXFileReference; lastKnownFileType = sourcecode.c.h; path = AppDelegate.h; sourceTree = "<group>"; };
		3BFFAE541CACF7F40099D766 /* AppDelegate.m */ = {isa = PBXFileReference; lastKnownFileType = sourcecode.c.objc; path = AppDelegate.m; sourceTree = "<group>"; };
		3BFFAE5A1CACF7F40099D766 /* Base */ = {isa = PBXFileReference; lastKnownFileType = file.storyboard; name = Base; path = Base.lproj/Main.storyboard; sourceTree = "<group>"; };
		3BFFAE5C1CACF7F40099D766 /* Assets.xcassets */ = {isa = PBXFileReference; lastKnownFileType = folder.assetcatalog; path = Assets.xcassets; sourceTree = "<group>"; };
		3BFFAE5F1CACF7F40099D766 /* Base */ = {isa = PBXFileReference; lastKnownFileType = file.storyboard; name = Base; path = Base.lproj/LaunchScreen.storyboard; sourceTree = "<group>"; };
		3BFFAE611CACF7F40099D766 /* Info.plist */ = {isa = PBXFileReference; lastKnownFileType = text.plist.xml; path = Info.plist; sourceTree = "<group>"; };
		3BFFAE661CACF7F40099D766 /* SchoolMarketTests.xctest */ = {isa = PBXFileReference; explicitFileType = wrapper.cfbundle; includeInIndex = 0; path = SchoolMarketTests.xctest; sourceTree = BUILT_PRODUCTS_DIR; };
		3BFFAE6A1CACF7F40099D766 /* SchoolMarketTests.m */ = {isa = PBXFileReference; lastKnownFileType = sourcecode.c.objc; path = SchoolMarketTests.m; sourceTree = "<group>"; };
		3BFFAE6C1CACF7F40099D766 /* Info.plist */ = {isa = PBXFileReference; lastKnownFileType = text.plist.xml; path = Info.plist; sourceTree = "<group>"; };
		3BFFAE711CACF7F40099D766 /* SchoolMarketUITests.xctest */ = {isa = PBXFileReference; explicitFileType = wrapper.cfbundle; includeInIndex = 0; path = SchoolMarketUITests.xctest; sourceTree = BUILT_PRODUCTS_DIR; };
		3BFFAE751CACF7F40099D766 /* SchoolMarketUITests.m */ = {isa = PBXFileReference; lastKnownFileType = sourcecode.c.objc; path = SchoolMarketUITests.m; sourceTree = "<group>"; };
		3BFFAE771CACF7F40099D766 /* Info.plist */ = {isa = PBXFileReference; lastKnownFileType = text.plist.xml; path = Info.plist; sourceTree = "<group>"; };
		77AEF81FB5932F3795664450 /* Pods.framework */ = {isa = PBXFileReference; explicitFileType = wrapper.framework; includeInIndex = 0; path = Pods.framework; sourceTree = BUILT_PRODUCTS_DIR; };
		AD44FC6465AFA88FAE9D0F6D /* Pods.debug.xcconfig */ = {isa = PBXFileReference; includeInIndex = 1; lastKnownFileType = text.xcconfig; name = Pods.debug.xcconfig; path = "Pods/Target Support Files/Pods/Pods.debug.xcconfig"; sourceTree = "<group>"; };
		FA0952D30943B7CCF9901A8D /* Pods.release.xcconfig */ = {isa = PBXFileReference; includeInIndex = 1; lastKnownFileType = text.xcconfig; name = Pods.release.xcconfig; path = "Pods/Target Support Files/Pods/Pods.release.xcconfig"; sourceTree = "<group>"; };
/* End PBXFileReference section */

/* Begin PBXFrameworksBuildPhase section */
		3BFFAE4A1CACF7F30099D766 /* Frameworks */ = {
			isa = PBXFrameworksBuildPhase;
			buildActionMask = 2147483647;
			files = (
				0CB25C1D4B758B58BD0B063C /* Pods.framework in Frameworks */,
			);
			runOnlyForDeploymentPostprocessing = 0;
		};
		3BFFAE631CACF7F40099D766 /* Frameworks */ = {
			isa = PBXFrameworksBuildPhase;
			buildActionMask = 2147483647;
			files = (
			);
			runOnlyForDeploymentPostprocessing = 0;
		};
		3BFFAE6E1CACF7F40099D766 /* Frameworks */ = {
			isa = PBXFrameworksBuildPhase;
			buildActionMask = 2147483647;
			files = (
			);
			runOnlyForDeploymentPostprocessing = 0;
		};
/* End PBXFrameworksBuildPhase section */

/* Begin PBXGroup section */
		338AE9D61CCCB93100488029 /* Address */ = {
			isa = PBXGroup;
			children = (
				338AE9D71CCCB95100488029 /* AddressCell.h */,
				338AE9D81CCCB95100488029 /* AddressCell.m */,
				3B1D3E9B1CD9FAD700D77D6F /* EditAddressCell.h */,
				3B1D3E9C1CD9FAD700D77D6F /* EditAddressCell.m */,
				3B67F4F61CDC532B00E61F24 /* DefaultAddressCell.h */,
				3B67F4F71CDC532B00E61F24 /* DefaultAddressCell.m */,
			);
			name = Address;
			sourceTree = "<group>";
		};
		338AE9DA1CCCB98500488029 /* Address */ = {
			isa = PBXGroup;
			children = (
				338AE9DB1CCCB9C600488029 /* AddressController.h */,
				338AE9DC1CCCB9C600488029 /* AddressController.m */,
				335066621CCD149B00DD91E9 /* EditAddressController.h */,
				335066631CCD149B00DD91E9 /* EditAddressController.m */,
			);
			name = Address;
			sourceTree = "<group>";
		};
		33A9D5491CB4D70E0005F7BA /* AFNetworking */ = {
			isa = PBXGroup;
			children = (
				33A9D54A1CB4D71B0005F7BA /* AFRequest.h */,
				3B9E13651CBA29E1003BB0A5 /* AFRequest.m */,
			);
			name = AFNetworking;
			sourceTree = "<group>";
		};
		33A9D5631CB4D8BF0005F7BA /* SuperMarket */ = {
			isa = PBXGroup;
			children = (
				33A9D5791CB4D96F0005F7BA /* Categories.h */,
				33A9D57A1CB4D96F0005F7BA /* Categories.m */,
				33CCD3F41CD1B5E600324729 /* SubCategories.h */,
				33CCD3F51CD1B5E600324729 /* SubCategories.m */,
			);
			name = SuperMarket;
			sourceTree = "<group>";
		};
		3B0A6D291CCA2BB900C99CB7 /* FMDB */ = {
			isa = PBXGroup;
			children = (
				3B0A6D2A1CCA2C2D00C99CB7 /* FMDBsql.h */,
				3B0A6D2B1CCA2C2D00C99CB7 /* FMDBsql.m */,
			);
			name = FMDB;
			sourceTree = "<group>";
		};
		3B29610D1CD3898F00A4E89D /* Notification */ = {
			isa = PBXGroup;
			children = (
				3B29610E1CD389CC00A4E89D /* NotifitionSender.h */,
				3B29610F1CD389CC00A4E89D /* NotifitionSender.m */,
			);
			name = Notification;
			sourceTree = "<group>";
		};
		3B33A3791CB5FF7000506665 /* SuperMarket */ = {
			isa = PBXGroup;
			children = (
				3B33A37A1CB5FF7000506665 /* CategoriesCell.h */,
				3B33A37B1CB5FF7000506665 /* CategoriesCell.m */,
				3B33A37E1CB5FF7000506665 /* SubCategoriesCell.h */,
				3B33A37F1CB5FF7000506665 /* SubCategoriesCell.m */,
			);
			path = SuperMarket;
			sourceTree = "<group>";
		};
		3B4072E61CB36DE80058C084 /* SuperMarket */ = {
			isa = PBXGroup;
			children = (
				33A9D5641CB4D9310005F7BA /* SuperMarketViewController.h */,
				33A9D5651CB4D9310005F7BA /* SuperMarketViewController.m */,
			);
			path = SuperMarket;
			sourceTree = "<group>";
		};
		3B71D7341CD1DB2D00F5B9F6 /* Order */ = {
			isa = PBXGroup;
			children = (
				3B71D7351CD1DB5100F5B9F6 /* OrderViewController.h */,
				3B71D7361CD1DB5100F5B9F6 /* OrderViewController.m */,
				3BB8B8DC1CD23D9800C77FA9 /* OrderDetailController.h */,
				3BB8B8DD1CD23D9800C77FA9 /* OrderDetailController.m */,
			);
			name = Order;
			sourceTree = "<group>";
		};
		3B71D7381CD1E08500F5B9F6 /* Order */ = {
			isa = PBXGroup;
			children = (
				3BB8B8D91CD22EA600C77FA9 /* OrderCell.h */,
				3BB8B8DA1CD22EA600C77FA9 /* OrderCell.m */,
				3BB8B8DF1CD248FE00C77FA9 /* OrderDetailCell.h */,
				3BB8B8E01CD248FE00C77FA9 /* OrderDetailCell.m */,
				3B2961111CD3935000A4E89D /* OrderCommCell.h */,
				3B2961121CD3935000A4E89D /* OrderCommCell.m */,
				3B2961141CD395BF00A4E89D /* OrderCommShowCell.h */,
				3B2961151CD395BF00A4E89D /* OrderCommShowCell.m */,
			);
			name = Order;
			sourceTree = "<group>";
		};
		3B83119E1CBE18C700D6FA69 /* SpecialView */ = {
			isa = PBXGroup;
			children = (
				3B8311A01CBE197300D6FA69 /* SpecialCommCell.h */,
				3B8311A11CBE197300D6FA69 /* SpecialCommCell.m */,
				3B8311A31CBE9B8E00D6FA69 /* LbMiddleLine.h */,
				3B8311A41CBE9B8E00D6FA69 /* LbMiddleLine.m */,
				3B84ED651CBF659200E16A6F /* SCCAddAndMinusView.h */,
				3B84ED661CBF659200E16A6F /* SCCAddAndMinusView.m */,
			);
			name = SpecialView;
			sourceTree = "<group>";
		};
		3B9E4E621CE19A6100C159B0 /* AdvertView */ = {
			isa = PBXGroup;
			children = (
				3B9E4E631CE19AAD00C159B0 /* AdvertWebView.h */,
				3B9E4E641CE19AAD00C159B0 /* AdvertWebView.m */,
			);
			name = AdvertView;
			sourceTree = "<group>";
		};
		3BBA9D861CAD13C500DF67B7 /* Cell */ = {
			isa = PBXGroup;
			children = (
				3BBA9D831CAD13C100DF67B7 /* CommCell.h */,
				3BBA9D841CAD13C100DF67B7 /* CommCell.m */,
			);
			name = Cell;
			sourceTree = "<group>";
		};
		3BC7F5AB1CB4AC4B006A1754 /* Login */ = {
			isa = PBXGroup;
			children = (
				33D550691CBFB5BD003E4EE3 /* LoginViewController.h */,
				33D5506A1CBFB5BD003E4EE3 /* LoginViewController.m */,
				33D5506B1CBFB5BD003E4EE3 /* RegisterViewController.h */,
				33D5506C1CBFB5BD003E4EE3 /* RegisterViewController.m */,
			);
			name = Login;
			sourceTree = "<group>";
		};
		3BC7F5B21CB4AEF3006A1754 /* Login */ = {
			isa = PBXGroup;
			children = (
				3BD8EF591CB4B37900194F21 /* LRFootView.h */,
				3BD8EF5A1CB4B37900194F21 /* LRFootView.m */,
				3BD8EF5C1CB4B8A600194F21 /* LRTableviewCell.h */,
				3BD8EF5D1CB4B8A600194F21 /* LRTableviewCell.m */,
				3BD8EF5F1CB4BBF700194F21 /* LoginHeader.h */,
			);
			name = Login;
			sourceTree = "<group>";
		};
		3BD638921CB629400077D2A4 /* Personal */ = {
			isa = PBXGroup;
			children = (
				3B71D7381CD1E08500F5B9F6 /* Order */,
				338AE9D61CCCB93100488029 /* Address */,
				3BD6389D1CB6530D0077D2A4 /* PersonalMsg */,
				3BD638931CB62C280077D2A4 /* PersonalHeader.h */,
				3BD6388F1CB6293D0077D2A4 /* PersonalCell.h */,
				3BD638901CB6293D0077D2A4 /* PersonalCell.m */,
				3BD638971CB643CC0077D2A4 /* PersonalMsgCell.h */,
				3BD638981CB643CC0077D2A4 /* PersonalMsgCell.m */,
			);
			name = Personal;
			sourceTree = "<group>";
		};
		3BD6389D1CB6530D0077D2A4 /* PersonalMsg */ = {
			isa = PBXGroup;
			children = (
				3BD6389E1CB653480077D2A4 /* PersonMsgCell.h */,
				3BD6389F1CB653480077D2A4 /* PersonMsgCell.m */,
				3BBF20C61CE05C1F0089C954 /* ChangeNameView.h */,
				3BBF20C71CE05C1F0089C954 /* ChangeNameView.m */,
			);
			name = PersonalMsg;
			sourceTree = "<group>";
		};
		3BD86DC71CAEACE3004B651B /* ShoppingCart */ = {
			isa = PBXGroup;
			children = (
				3BD86DC41CAEACE0004B651B /* ShoppingCartController.h */,
				3BD86DC51CAEACE0004B651B /* ShoppingCartController.m */,
				33357FD31CC907E2008C22A5 /* ConfirmOrderViewController.h */,
				33357FD41CC907E2008C22A5 /* ConfirmOrderViewController.m */,
			);
			name = ShoppingCart;
			sourceTree = "<group>";
		};
		3BD86DCB1CAEAD3A004B651B /* Personal */ = {
			isa = PBXGroup;
			children = (
				3B71D7341CD1DB2D00F5B9F6 /* Order */,
				338AE9DA1CCCB98500488029 /* Address */,
				3BD86DC81CAEAD36004B651B /* PersonalViewController.h */,
				3BD86DC91CAEAD36004B651B /* PersonalViewController.m */,
				3BD6389A1CB64AFF0077D2A4 /* PersonalMsgController.h */,
				3BD6389B1CB64AFF0077D2A4 /* PersonalMsgController.m */,
				3BD638A11CB65F6D0077D2A4 /* PersonalNameController.h */,
				3BD638A21CB65F6D0077D2A4 /* PersonalNameController.m */,
			);
			name = Personal;
			sourceTree = "<group>";
		};
		3BDEDD901CBCBE7C00E67A3F /* CommDetail */ = {
			isa = PBXGroup;
			children = (
				3BDEDD911CBCBE8900E67A3F /* CommDetailViewController.h */,
				3BDEDD921CBCBE8900E67A3F /* CommDetailViewController.m */,
			);
			name = CommDetail;
			sourceTree = "<group>";
		};
		3BDEDD941CBCBEC100E67A3F /* ShoppingCart */ = {
			isa = PBXGroup;
			children = (
				33D550631CBFB58A003E4EE3 /* SCBottomTool.h */,
				33D550641CBFB58A003E4EE3 /* SCBottomTool.m */,
				33D5A1151CBFE4E700E88EA8 /* SCCommCell.h */,
				33D5A1161CBFE4E700E88EA8 /* SCCommCell.m */,
				3BDEDD971CBCBECC00E67A3F /* ShoppingCart.h */,
				3BDEDD981CBCBECC00E67A3F /* ShoppingCart.m */,
				33D8AD431CCC8C1800CEF593 /* ConfirmOrderCell.h */,
				33D8AD441CCC8C1800CEF593 /* ConfirmOrderCell.m */,
			);
			name = ShoppingCart;
			sourceTree = "<group>";
		};
		3BDEDD9B1CBCBED000E67A3F /* CommDetail */ = {
			isa = PBXGroup;
			children = (
				33D5508A1CBFD678003E4EE3 /* CDBottomTool.h */,
				33D5508B1CBFD678003E4EE3 /* CDBottomTool.m */,
			);
			name = CommDetail;
			sourceTree = "<group>";
		};
		3BF269C31CACF9B800173221 /* Controller */ = {
			isa = PBXGroup;
			children = (
				3BF4925A1CAE68C300FB8B10 /* Homepage */,
				3B4072E61CB36DE80058C084 /* SuperMarket */,
				3BD86DC71CAEACE3004B651B /* ShoppingCart */,
				3BD86DCB1CAEAD3A004B651B /* Personal */,
				3BC7F5AB1CB4AC4B006A1754 /* Login */,
				3BDEDD901CBCBE7C00E67A3F /* CommDetail */,
				3BF269C71CACF9D600173221 /* BaseViewController.h */,
				3BF269C81CACF9D600173221 /* BaseViewController.m */,
				3BF269CA1CACFA6700173221 /* RootTabBarController.h */,
				3BF269CB1CACFA6700173221 /* RootTabBarController.m */,
			);
			path = Controller;
			sourceTree = "<group>";
		};
		3BF269C41CACF9B800173221 /* Model */ = {
			isa = PBXGroup;
			children = (
				33A9D5631CB4D8BF0005F7BA /* SuperMarket */,
				3B71D73C1CD1FB6100F5B9F6 /* Address.h */,
				3B71D73D1CD1FB6100F5B9F6 /* Address.m */,
				3BE2AE161CB60E8000247429 /* Commodity.h */,
				3BE2AE171CB60E8000247429 /* Commodity.m */,
				335066651CCD17A400DD91E9 /* User.h */,
				335066661CCD17A400DD91E9 /* User.m */,
				3B71D73F1CD1FB8000F5B9F6 /* Order.h */,
				3B71D7401CD1FB8000F5B9F6 /* Order.m */,
				3BBF20C91CE0D1810089C954 /* Advert.h */,
				3BBF20CA1CE0D1820089C954 /* Advert.m */,
			);
			path = Model;
			sourceTree = "<group>";
		};
		3BF269C51CACF9B800173221 /* Utils */ = {
			isa = PBXGroup;
			children = (
				3B29610D1CD3898F00A4E89D /* Notification */,
				3B0A6D291CCA2BB900C99CB7 /* FMDB */,
				33A9D5491CB4D70E0005F7BA /* AFNetworking */,
			);
			path = Utils;
			sourceTree = "<group>";
		};
		3BF269C61CACF9B800173221 /* View */ = {
			isa = PBXGroup;
			children = (
				3BDEDD9B1CBCBED000E67A3F /* CommDetail */,
				3BDEDD941CBCBEC100E67A3F /* ShoppingCart */,
				3BD638921CB629400077D2A4 /* Personal */,
				3B33A3791CB5FF7000506665 /* SuperMarket */,
				3BC7F5B21CB4AEF3006A1754 /* Login */,
				3BF4925E1CAE6BA800FB8B10 /* Homepage */,
				3BBA9D861CAD13C500DF67B7 /* Cell */,
			);
			path = View;
			sourceTree = "<group>";
		};
		3BF4925A1CAE68C300FB8B10 /* Homepage */ = {
			isa = PBXGroup;
			children = (
				3BF492571CAE68BB00FB8B10 /* HomepageController.h */,
				3BF492581CAE68BB00FB8B10 /* HomepageController.m */,
				3B83119A1CBE15F200D6FA69 /* SpecialCommdityController.h */,
				3B83119B1CBE15F200D6FA69 /* SpecialCommdityController.m */,
				3B9E4E5F1CE19A1200C159B0 /* AdvertViewController.h */,
				3B9E4E601CE19A1200C159B0 /* AdvertViewController.m */,
			);
			name = Homepage;
			sourceTree = "<group>";
		};
		3BF4925E1CAE6BA800FB8B10 /* Homepage */ = {
			isa = PBXGroup;
			children = (
				3B9E4E621CE19A6100C159B0 /* AdvertView */,
				3B83119E1CBE18C700D6FA69 /* SpecialView */,
				3B8946811CAF95A500959786 /* HomepageCell.h */,
				3B8946821CAF95A500959786 /* HomepageCell.m */,
				3B8946841CAFBA4400959786 /* HCLastFootView.h */,
				3B8946851CAFBA4400959786 /* HCLastFootView.m */,
				3B89468A1CAFC84900959786 /* HCHeaderView.h */,
				3B89468B1CAFC84900959786 /* HCHeaderView.m */,
				3B89468D1CAFF03C00959786 /* HCHeaderCell.h */,
				3B89468E1CAFF03C00959786 /* HCHeaderCell.m */,
				3B5889371CAFFDA400074B96 /* HCHeaderCollectionCell.h */,
				3B5889381CAFFDA400074B96 /* HCHeaderCollectionCell.m */,
				3BF35CFB1CB411B600BDF195 /* HomepageView.h */,
			);
			name = Homepage;
			sourceTree = "<group>";
		};
		3BFFAE441CACF7F30099D766 = {
			isa = PBXGroup;
			children = (
				3BFFAE4F1CACF7F30099D766 /* SchoolMarket */,
				3BFFAE691CACF7F40099D766 /* SchoolMarketTests */,
				3BFFAE741CACF7F40099D766 /* SchoolMarketUITests */,
				3BFFAE4E1CACF7F30099D766 /* Products */,
				7E62BEA83E81D6CDBBE73E50 /* Pods */,
				45B8B766276E0E844AC67D61 /* Frameworks */,
			);
			sourceTree = "<group>";
		};
		3BFFAE4E1CACF7F30099D766 /* Products */ = {
			isa = PBXGroup;
			children = (
				3BFFAE4D1CACF7F30099D766 /* SchoolMarket.app */,
				3BFFAE661CACF7F40099D766 /* SchoolMarketTests.xctest */,
				3BFFAE711CACF7F40099D766 /* SchoolMarketUITests.xctest */,
			);
			name = Products;
			sourceTree = "<group>";
		};
		3BFFAE4F1CACF7F30099D766 /* SchoolMarket */ = {
			isa = PBXGroup;
			children = (
				3BF269C31CACF9B800173221 /* Controller */,
				3BF269C41CACF9B800173221 /* Model */,
				3BF269C51CACF9B800173221 /* Utils */,
				3BF269C61CACF9B800173221 /* View */,
				3BFFAE531CACF7F40099D766 /* AppDelegate.h */,
				3BFFAE541CACF7F40099D766 /* AppDelegate.m */,
				3BFFAE591CACF7F40099D766 /* Main.storyboard */,
				3BFFAE5E1CACF7F40099D766 /* LaunchScreen.storyboard */,
				3BFFAE5C1CACF7F40099D766 /* Assets.xcassets */,
				3BFFAE501CACF7F30099D766 /* Supporting Files */,
				3378E8F11CBE40B5004E7DFE /* ViewController.h */,
				3378E8F21CBE40B5004E7DFE /* ViewController.m */,
			);
			path = SchoolMarket;
			sourceTree = "<group>";
		};
		3BFFAE501CACF7F30099D766 /* Supporting Files */ = {
			isa = PBXGroup;
			children = (
				33EE6DAF1CB3B5DD00FA55FC /* categories.plist */,
				3BFFAE611CACF7F40099D766 /* Info.plist */,
				3BFFAE511CACF7F30099D766 /* main.m */,
			);
			name = "Supporting Files";
			sourceTree = "<group>";
		};
		3BFFAE691CACF7F40099D766 /* SchoolMarketTests */ = {
			isa = PBXGroup;
			children = (
				3BFFAE6A1CACF7F40099D766 /* SchoolMarketTests.m */,
				3BFFAE6C1CACF7F40099D766 /* Info.plist */,
			);
			path = SchoolMarketTests;
			sourceTree = "<group>";
		};
		3BFFAE741CACF7F40099D766 /* SchoolMarketUITests */ = {
			isa = PBXGroup;
			children = (
				3BFFAE751CACF7F40099D766 /* SchoolMarketUITests.m */,
				3BFFAE771CACF7F40099D766 /* Info.plist */,
			);
			path = SchoolMarketUITests;
			sourceTree = "<group>";
		};
		45B8B766276E0E844AC67D61 /* Frameworks */ = {
			isa = PBXGroup;
			children = (
				77AEF81FB5932F3795664450 /* Pods.framework */,
			);
			name = Frameworks;
			sourceTree = "<group>";
		};
		7E62BEA83E81D6CDBBE73E50 /* Pods */ = {
			isa = PBXGroup;
			children = (
				AD44FC6465AFA88FAE9D0F6D /* Pods.debug.xcconfig */,
				FA0952D30943B7CCF9901A8D /* Pods.release.xcconfig */,
			);
			name = Pods;
			sourceTree = "<group>";
		};
/* End PBXGroup section */

/* Begin PBXNativeTarget section */
		3BFFAE4C1CACF7F30099D766 /* SchoolMarket */ = {
			isa = PBXNativeTarget;
			buildConfigurationList = 3BFFAE7A1CACF7F40099D766 /* Build configuration list for PBXNativeTarget "SchoolMarket" */;
			buildPhases = (
				F7EACF7EB207E2FBF23C3FEE /* Check Pods Manifest.lock */,
				3BFFAE491CACF7F30099D766 /* Sources */,
				3BFFAE4A1CACF7F30099D766 /* Frameworks */,
				3BFFAE4B1CACF7F30099D766 /* Resources */,
				6B7BE8297F06D564E34AECD0 /* Embed Pods Frameworks */,
				D623B28F9EB1DF11B959F9D8 /* Copy Pods Resources */,
			);
			buildRules = (
			);
			dependencies = (
			);
			name = SchoolMarket;
			productName = SchoolMarket;
			productReference = 3BFFAE4D1CACF7F30099D766 /* SchoolMarket.app */;
			productType = "com.apple.product-type.application";
		};
		3BFFAE651CACF7F40099D766 /* SchoolMarketTests */ = {
			isa = PBXNativeTarget;
			buildConfigurationList = 3BFFAE7D1CACF7F40099D766 /* Build configuration list for PBXNativeTarget "SchoolMarketTests" */;
			buildPhases = (
				3BFFAE621CACF7F40099D766 /* Sources */,
				3BFFAE631CACF7F40099D766 /* Frameworks */,
				3BFFAE641CACF7F40099D766 /* Resources */,
			);
			buildRules = (
			);
			dependencies = (
				3BFFAE681CACF7F40099D766 /* PBXTargetDependency */,
			);
			name = SchoolMarketTests;
			productName = SchoolMarketTests;
			productReference = 3BFFAE661CACF7F40099D766 /* SchoolMarketTests.xctest */;
			productType = "com.apple.product-type.bundle.unit-test";
		};
		3BFFAE701CACF7F40099D766 /* SchoolMarketUITests */ = {
			isa = PBXNativeTarget;
			buildConfigurationList = 3BFFAE801CACF7F40099D766 /* Build configuration list for PBXNativeTarget "SchoolMarketUITests" */;
			buildPhases = (
				3BFFAE6D1CACF7F40099D766 /* Sources */,
				3BFFAE6E1CACF7F40099D766 /* Frameworks */,
				3BFFAE6F1CACF7F40099D766 /* Resources */,
			);
			buildRules = (
			);
			dependencies = (
				3BFFAE731CACF7F40099D766 /* PBXTargetDependency */,
			);
			name = SchoolMarketUITests;
			productName = SchoolMarketUITests;
			productReference = 3BFFAE711CACF7F40099D766 /* SchoolMarketUITests.xctest */;
			productType = "com.apple.product-type.bundle.ui-testing";
		};
/* End PBXNativeTarget section */

/* Begin PBXProject section */
		3BFFAE451CACF7F30099D766 /* Project object */ = {
			isa = PBXProject;
			attributes = {
				LastUpgradeCheck = 0710;
				ORGANIZATIONNAME = linjy;
				TargetAttributes = {
					3BFFAE4C1CACF7F30099D766 = {
						CreatedOnToolsVersion = 7.1;
						DevelopmentTeam = 367RRF9ZJ7;
					};
					3BFFAE651CACF7F40099D766 = {
						CreatedOnToolsVersion = 7.1;
						DevelopmentTeam = 367RRF9ZJ7;
						TestTargetID = 3BFFAE4C1CACF7F30099D766;
					};
					3BFFAE701CACF7F40099D766 = {
						CreatedOnToolsVersion = 7.1;
						DevelopmentTeam = 367RRF9ZJ7;
						TestTargetID = 3BFFAE4C1CACF7F30099D766;
					};
				};
			};
			buildConfigurationList = 3BFFAE481CACF7F30099D766 /* Build configuration list for PBXProject "SchoolMarket" */;
			compatibilityVersion = "Xcode 3.2";
			developmentRegion = English;
			hasScannedForEncodings = 0;
			knownRegions = (
				en,
				Base,
			);
			mainGroup = 3BFFAE441CACF7F30099D766;
			productRefGroup = 3BFFAE4E1CACF7F30099D766 /* Products */;
			projectDirPath = "";
			projectRoot = "";
			targets = (
				3BFFAE4C1CACF7F30099D766 /* SchoolMarket */,
				3BFFAE651CACF7F40099D766 /* SchoolMarketTests */,
				3BFFAE701CACF7F40099D766 /* SchoolMarketUITests */,
			);
		};
/* End PBXProject section */

/* Begin PBXResourcesBuildPhase section */
		3BFFAE4B1CACF7F30099D766 /* Resources */ = {
			isa = PBXResourcesBuildPhase;
			buildActionMask = 2147483647;
			files = (
				3BFFAE601CACF7F40099D766 /* LaunchScreen.storyboard in Resources */,
				0BE93E4F1CAFB4C6003558CA /* (null) in Resources */,
				33EE6DB01CB3B5DD00FA55FC /* categories.plist in Resources */,
				3BFFAE5D1CACF7F40099D766 /* Assets.xcassets in Resources */,
				3BFFAE5B1CACF7F40099D766 /* Main.storyboard in Resources */,
			);
			runOnlyForDeploymentPostprocessing = 0;
		};
		3BFFAE641CACF7F40099D766 /* Resources */ = {
			isa = PBXResourcesBuildPhase;
			buildActionMask = 2147483647;
			files = (
			);
			runOnlyForDeploymentPostprocessing = 0;
		};
		3BFFAE6F1CACF7F40099D766 /* Resources */ = {
			isa = PBXResourcesBuildPhase;
			buildActionMask = 2147483647;
			files = (
			);
			runOnlyForDeploymentPostprocessing = 0;
		};
/* End PBXResourcesBuildPhase section */

/* Begin PBXShellScriptBuildPhase section */
		6B7BE8297F06D564E34AECD0 /* Embed Pods Frameworks */ = {
			isa = PBXShellScriptBuildPhase;
			buildActionMask = 2147483647;
			files = (
			);
			inputPaths = (
			);
			name = "Embed Pods Frameworks";
			outputPaths = (
			);
			runOnlyForDeploymentPostprocessing = 0;
			shellPath = /bin/sh;
			shellScript = "\"${SRCROOT}/Pods/Target Support Files/Pods/Pods-frameworks.sh\"\n";
			showEnvVarsInLog = 0;
		};
		D623B28F9EB1DF11B959F9D8 /* Copy Pods Resources */ = {
			isa = PBXShellScriptBuildPhase;
			buildActionMask = 2147483647;
			files = (
			);
			inputPaths = (
			);
			name = "Copy Pods Resources";
			outputPaths = (
			);
			runOnlyForDeploymentPostprocessing = 0;
			shellPath = /bin/sh;
			shellScript = "\"${SRCROOT}/Pods/Target Support Files/Pods/Pods-resources.sh\"\n";
			showEnvVarsInLog = 0;
		};
		F7EACF7EB207E2FBF23C3FEE /* Check Pods Manifest.lock */ = {
			isa = PBXShellScriptBuildPhase;
			buildActionMask = 2147483647;
			files = (
			);
			inputPaths = (
			);
			name = "Check Pods Manifest.lock";
			outputPaths = (
			);
			runOnlyForDeploymentPostprocessing = 0;
			shellPath = /bin/sh;
			shellScript = "diff \"${PODS_ROOT}/../Podfile.lock\" \"${PODS_ROOT}/Manifest.lock\" > /dev/null\nif [[ $? != 0 ]] ; then\n    cat << EOM\nerror: The sandbox is not in sync with the Podfile.lock. Run 'pod install' or update your CocoaPods installation.\nEOM\n    exit 1\nfi\n";
			showEnvVarsInLog = 0;
		};
/* End PBXShellScriptBuildPhase section */

/* Begin PBXSourcesBuildPhase section */
		3BFFAE491CACF7F30099D766 /* Sources */ = {
			isa = PBXSourcesBuildPhase;
			buildActionMask = 2147483647;
			files = (
				3378E8F31CBE40B5004E7DFE /* ViewController.m in Sources */,
				33A9D5661CB4D9310005F7BA /* SuperMarketViewController.m in Sources */,
				3B9E4E611CE19A1200C159B0 /* AdvertViewController.m in Sources */,
				3BF492591CAE68BB00FB8B10 /* HomepageController.m in Sources */,
				3B9E4E651CE19AAD00C159B0 /* AdvertWebView.m in Sources */,
				3B8311A51CBE9B8E00D6FA69 /* LbMiddleLine.m in Sources */,
				3B0A6D2C1CCA2C2D00C99CB7 /* FMDBsql.m in Sources */,
				3BD8EF5B1CB4B37900194F21 /* LRFootView.m in Sources */,
				3BD86DC61CAEACE0004B651B /* ShoppingCartController.m in Sources */,
				3BB8B8DE1CD23D9800C77FA9 /* OrderDetailController.m in Sources */,
				3B71D7371CD1DB5100F5B9F6 /* OrderViewController.m in Sources */,
				3BD8EF5E1CB4B8A600194F21 /* LRTableviewCell.m in Sources */,
				3BB8B8DB1CD22EA600C77FA9 /* OrderCell.m in Sources */,
				3B84ED671CBF659200E16A6F /* SCCAddAndMinusView.m in Sources */,
				3BD638911CB6293D0077D2A4 /* PersonalCell.m in Sources */,
				3B67F4F81CDC532B00E61F24 /* DefaultAddressCell.m in Sources */,
				33D5A1171CBFE4E700E88EA8 /* SCCommCell.m in Sources */,
				3BBF20C81CE05C1F0089C954 /* ChangeNameView.m in Sources */,
				3B8946831CAF95A500959786 /* HomepageCell.m in Sources */,
				33D550891CBFD4FD003E4EE3 /* SpecialCommCell.m in Sources */,
				3BD638991CB643CC0077D2A4 /* PersonalMsgCell.m in Sources */,
				3BBF20CB1CE0D1820089C954 /* Advert.m in Sources */,
				3B8946861CAFBA4400959786 /* HCLastFootView.m in Sources */,
				3BDEDD931CBCBE8900E67A3F /* CommDetailViewController.m in Sources */,
				33357FD51CC907E2008C22A5 /* ConfirmOrderViewController.m in Sources */,
				3B89468C1CAFC84900959786 /* HCHeaderView.m in Sources */,
				3B2961161CD395BF00A4E89D /* OrderCommShowCell.m in Sources */,
				3BF269CC1CACFA6700173221 /* RootTabBarController.m in Sources */,
				3BF269C91CACF9D600173221 /* BaseViewController.m in Sources */,
				3B2961131CD3935000A4E89D /* OrderCommCell.m in Sources */,
				335066671CCD17A400DD91E9 /* User.m in Sources */,
				3B89468F1CAFF03C00959786 /* HCHeaderCell.m in Sources */,
				3B9E13661CBA29E2003BB0A5 /* AFRequest.m in Sources */,
				3B71D7411CD1FB8000F5B9F6 /* Order.m in Sources */,
				3B83119C1CBE15F200D6FA69 /* SpecialCommdityController.m in Sources */,
				338AE9DD1CCCB9C600488029 /* AddressController.m in Sources */,
				3BD638A31CB65F6D0077D2A4 /* PersonalNameController.m in Sources */,
				33CCD3F61CD1B5E600324729 /* SubCategories.m in Sources */,
				3BDEDD9A1CBCBECC00E67A3F /* ShoppingCart.m in Sources */,
				33D5508C1CBFD678003E4EE3 /* CDBottomTool.m in Sources */,
				3B33A3821CB5FF7000506665 /* CategoriesCell.m in Sources */,
				33D550671CBFB58A003E4EE3 /* SCBottomTool.m in Sources */,
				3BFFAE551CACF7F40099D766 /* AppDelegate.m in Sources */,
				3BD638A01CB653480077D2A4 /* PersonMsgCell.m in Sources */,
				33D5506E1CBFB5BD003E4EE3 /* RegisterViewController.m in Sources */,
				3B1D3E9D1CD9FAD700D77D6F /* EditAddressCell.m in Sources */,
				3B2961101CD389CC00A4E89D /* NotifitionSender.m in Sources */,
				33A9D57B1CB4D96F0005F7BA /* Categories.m in Sources */,
				33D8AD451CCC8C1800CEF593 /* ConfirmOrderCell.m in Sources */,
				335066641CCD149B00DD91E9 /* EditAddressController.m in Sources */,
				3BBA9D851CAD13C100DF67B7 /* CommCell.m in Sources */,
				33D550701CBFB650003E4EE3 /* PersonalMsgController.m in Sources */,
				3BD86DCA1CAEAD36004B651B /* PersonalViewController.m in Sources */,
				33D5506F1CBFB61D003E4EE3 /* SubCategoriesCell.m in Sources */,
				3B71D73E1CD1FB6100F5B9F6 /* Address.m in Sources */,
				3BE2AE181CB60E8000247429 /* Commodity.m in Sources */,
				3BFFAE521CACF7F40099D766 /* main.m in Sources */,
				3B5889391CAFFDA400074B96 /* HCHeaderCollectionCell.m in Sources */,
				3BB8B8E11CD248FE00C77FA9 /* OrderDetailCell.m in Sources */,
				33D5506D1CBFB5BD003E4EE3 /* LoginViewController.m in Sources */,
				338AE9D91CCCB95100488029 /* AddressCell.m in Sources */,
			);
			runOnlyForDeploymentPostprocessing = 0;
		};
		3BFFAE621CACF7F40099D766 /* Sources */ = {
			isa = PBXSourcesBuildPhase;
			buildActionMask = 2147483647;
			files = (
				3BFFAE6B1CACF7F40099D766 /* SchoolMarketTests.m in Sources */,
			);
			runOnlyForDeploymentPostprocessing = 0;
		};
		3BFFAE6D1CACF7F40099D766 /* Sources */ = {
			isa = PBXSourcesBuildPhase;
			buildActionMask = 2147483647;
			files = (
				3BFFAE761CACF7F40099D766 /* SchoolMarketUITests.m in Sources */,
			);
			runOnlyForDeploymentPostprocessing = 0;
		};
/* End PBXSourcesBuildPhase section */

/* Begin PBXTargetDependency section */
		3BFFAE681CACF7F40099D766 /* PBXTargetDependency */ = {
			isa = PBXTargetDependency;
			target = 3BFFAE4C1CACF7F30099D766 /* SchoolMarket */;
			targetProxy = 3BFFAE671CACF7F40099D766 /* PBXContainerItemProxy */;
		};
		3BFFAE731CACF7F40099D766 /* PBXTargetDependency */ = {
			isa = PBXTargetDependency;
			target = 3BFFAE4C1CACF7F30099D766 /* SchoolMarket */;
			targetProxy = 3BFFAE721CACF7F40099D766 /* PBXContainerItemProxy */;
		};
/* End PBXTargetDependency section */

/* Begin PBXVariantGroup section */
		3BFFAE591CACF7F40099D766 /* Main.storyboard */ = {
			isa = PBXVariantGroup;
			children = (
				3BFFAE5A1CACF7F40099D766 /* Base */,
			);
			name = Main.storyboard;
			sourceTree = "<group>";
		};
		3BFFAE5E1CACF7F40099D766 /* LaunchScreen.storyboard */ = {
			isa = PBXVariantGroup;
			children = (
				3BFFAE5F1CACF7F40099D766 /* Base */,
			);
			name = LaunchScreen.storyboard;
			sourceTree = "<group>";
		};
/* End PBXVariantGroup section */

/* Begin XCBuildConfiguration section */
		3BFFAE781CACF7F40099D766 /* Debug */ = {
			isa = XCBuildConfiguration;
			buildSettings = {
				ALWAYS_SEARCH_USER_PATHS = NO;
				CLANG_CXX_LANGUAGE_STANDARD = "gnu++0x";
				CLANG_CXX_LIBRARY = "libc++";
				CLANG_ENABLE_MODULES = YES;
				CLANG_ENABLE_OBJC_ARC = YES;
				CLANG_WARN_BOOL_CONVERSION = YES;
				CLANG_WARN_CONSTANT_CONVERSION = YES;
				CLANG_WARN_DIRECT_OBJC_ISA_USAGE = YES_ERROR;
				CLANG_WARN_EMPTY_BODY = YES;
				CLANG_WARN_ENUM_CONVERSION = YES;
				CLANG_WARN_INT_CONVERSION = YES;
				CLANG_WARN_OBJC_ROOT_CLASS = YES_ERROR;
				CLANG_WARN_UNREACHABLE_CODE = YES;
				CLANG_WARN__DUPLICATE_METHOD_MATCH = YES;
				"CODE_SIGN_IDENTITY[sdk=iphoneos*]" = "iPhone Developer";
				COPY_PHASE_STRIP = NO;
				DEBUG_INFORMATION_FORMAT = dwarf;
				ENABLE_STRICT_OBJC_MSGSEND = YES;
				ENABLE_TESTABILITY = YES;
				GCC_C_LANGUAGE_STANDARD = gnu99;
				GCC_DYNAMIC_NO_PIC = NO;
				GCC_NO_COMMON_BLOCKS = YES;
				GCC_OPTIMIZATION_LEVEL = 0;
				GCC_PREPROCESSOR_DEFINITIONS = (
					"DEBUG=1",
					"$(inherited)",
				);
				GCC_WARN_64_TO_32_BIT_CONVERSION = YES;
				GCC_WARN_ABOUT_RETURN_TYPE = YES_ERROR;
				GCC_WARN_UNDECLARED_SELECTOR = YES;
				GCC_WARN_UNINITIALIZED_AUTOS = YES_AGGRESSIVE;
				GCC_WARN_UNUSED_FUNCTION = YES;
				GCC_WARN_UNUSED_VARIABLE = YES;
				IPHONEOS_DEPLOYMENT_TARGET = 8.1;
				MTL_ENABLE_DEBUG_INFO = YES;
				ONLY_ACTIVE_ARCH = YES;
				SDKROOT = iphoneos;
			};
			name = Debug;
		};
		3BFFAE791CACF7F40099D766 /* Release */ = {
			isa = XCBuildConfiguration;
			buildSettings = {
				ALWAYS_SEARCH_USER_PATHS = NO;
				CLANG_CXX_LANGUAGE_STANDARD = "gnu++0x";
				CLANG_CXX_LIBRARY = "libc++";
				CLANG_ENABLE_MODULES = YES;
				CLANG_ENABLE_OBJC_ARC = YES;
				CLANG_WARN_BOOL_CONVERSION = YES;
				CLANG_WARN_CONSTANT_CONVERSION = YES;
				CLANG_WARN_DIRECT_OBJC_ISA_USAGE = YES_ERROR;
				CLANG_WARN_EMPTY_BODY = YES;
				CLANG_WARN_ENUM_CONVERSION = YES;
				CLANG_WARN_INT_CONVERSION = YES;
				CLANG_WARN_OBJC_ROOT_CLASS = YES_ERROR;
				CLANG_WARN_UNREACHABLE_CODE = YES;
				CLANG_WARN__DUPLICATE_METHOD_MATCH = YES;
				"CODE_SIGN_IDENTITY[sdk=iphoneos*]" = "iPhone Developer";
				COPY_PHASE_STRIP = NO;
				DEBUG_INFORMATION_FORMAT = "dwarf-with-dsym";
				ENABLE_NS_ASSERTIONS = NO;
				ENABLE_STRICT_OBJC_MSGSEND = YES;
				GCC_C_LANGUAGE_STANDARD = gnu99;
				GCC_NO_COMMON_BLOCKS = YES;
				GCC_WARN_64_TO_32_BIT_CONVERSION = YES;
				GCC_WARN_ABOUT_RETURN_TYPE = YES_ERROR;
				GCC_WARN_UNDECLARED_SELECTOR = YES;
				GCC_WARN_UNINITIALIZED_AUTOS = YES_AGGRESSIVE;
				GCC_WARN_UNUSED_FUNCTION = YES;
				GCC_WARN_UNUSED_VARIABLE = YES;
				IPHONEOS_DEPLOYMENT_TARGET = 8.1;
				MTL_ENABLE_DEBUG_INFO = NO;
				SDKROOT = iphoneos;
				VALIDATE_PRODUCT = YES;
			};
			name = Release;
		};
		3BFFAE7B1CACF7F40099D766 /* Debug */ = {
			isa = XCBuildConfiguration;
			baseConfigurationReference = AD44FC6465AFA88FAE9D0F6D /* Pods.debug.xcconfig */;
			buildSettings = {
				ASSETCATALOG_COMPILER_APPICON_NAME = AppIcon;
				CODE_SIGN_IDENTITY = "iPhone Developer: 773780366@qq.com (WR659F7CRR)";
				"CODE_SIGN_IDENTITY[sdk=iphoneos*]" = "iPhone Developer";
				INFOPLIST_FILE = SchoolMarket/Info.plist;
				IPHONEOS_DEPLOYMENT_TARGET = 8.1;
				LD_RUNPATH_SEARCH_PATHS = "$(inherited) @executable_path/Frameworks";
				PRODUCT_BUNDLE_IDENTIFIER = SchoolMarket;
				PRODUCT_NAME = "$(TARGET_NAME)";
				PROVISIONING_PROFILE = "";
			};
			name = Debug;
		};
		3BFFAE7C1CACF7F40099D766 /* Release */ = {
			isa = XCBuildConfiguration;
			baseConfigurationReference = FA0952D30943B7CCF9901A8D /* Pods.release.xcconfig */;
			buildSettings = {
				ASSETCATALOG_COMPILER_APPICON_NAME = AppIcon;
				CODE_SIGN_IDENTITY = "iPhone Developer: 773780366@qq.com (WR659F7CRR)";
				"CODE_SIGN_IDENTITY[sdk=iphoneos*]" = "iPhone Developer";
				INFOPLIST_FILE = SchoolMarket/Info.plist;
				IPHONEOS_DEPLOYMENT_TARGET = 8.1;
				LD_RUNPATH_SEARCH_PATHS = "$(inherited) @executable_path/Frameworks";
				PRODUCT_BUNDLE_IDENTIFIER = SchoolMarket;
				PRODUCT_NAME = "$(TARGET_NAME)";
				PROVISIONING_PROFILE = "";
			};
			name = Release;
		};
		3BFFAE7E1CACF7F40099D766 /* Debug */ = {
			isa = XCBuildConfiguration;
			buildSettings = {
				BUNDLE_LOADER = "$(TEST_HOST)";
				INFOPLIST_FILE = SchoolMarketTests/Info.plist;
				LD_RUNPATH_SEARCH_PATHS = "$(inherited) @executable_path/Frameworks @loader_path/Frameworks";
				PRODUCT_BUNDLE_IDENTIFIER = com.linjy.SchoolMarketTests;
				PRODUCT_NAME = "$(TARGET_NAME)";
				TEST_HOST = "$(BUILT_PRODUCTS_DIR)/SchoolMarket.app/SchoolMarket";
			};
			name = Debug;
		};
		3BFFAE7F1CACF7F40099D766 /* Release */ = {
			isa = XCBuildConfiguration;
			buildSettings = {
				BUNDLE_LOADER = "$(TEST_HOST)";
				INFOPLIST_FILE = SchoolMarketTests/Info.plist;
				LD_RUNPATH_SEARCH_PATHS = "$(inherited) @executable_path/Frameworks @loader_path/Frameworks";
				PRODUCT_BUNDLE_IDENTIFIER = com.linjy.SchoolMarketTests;
				PRODUCT_NAME = "$(TARGET_NAME)";
				TEST_HOST = "$(BUILT_PRODUCTS_DIR)/SchoolMarket.app/SchoolMarket";
			};
			name = Release;
		};
		3BFFAE811CACF7F40099D766 /* Debug */ = {
			isa = XCBuildConfiguration;
			buildSettings = {
				INFOPLIST_FILE = SchoolMarketUITests/Info.plist;
				LD_RUNPATH_SEARCH_PATHS = "$(inherited) @executable_path/Frameworks @loader_path/Frameworks";
				PRODUCT_BUNDLE_IDENTIFIER = com.linjy.SchoolMarketUITests;
				PRODUCT_NAME = "$(TARGET_NAME)";
				TEST_TARGET_NAME = SchoolMarket;
				USES_XCTRUNNER = YES;
			};
			name = Debug;
		};
		3BFFAE821CACF7F40099D766 /* Release */ = {
			isa = XCBuildConfiguration;
			buildSettings = {
				INFOPLIST_FILE = SchoolMarketUITests/Info.plist;
				LD_RUNPATH_SEARCH_PATHS = "$(inherited) @executable_path/Frameworks @loader_path/Frameworks";
				PRODUCT_BUNDLE_IDENTIFIER = com.linjy.SchoolMarketUITests;
				PRODUCT_NAME = "$(TARGET_NAME)";
				TEST_TARGET_NAME = SchoolMarket;
				USES_XCTRUNNER = YES;
			};
			name = Release;
		};
/* End XCBuildConfiguration section */

/* Begin XCConfigurationList section */
		3BFFAE481CACF7F30099D766 /* Build configuration list for PBXProject "SchoolMarket" */ = {
			isa = XCConfigurationList;
			buildConfigurations = (
				3BFFAE781CACF7F40099D766 /* Debug */,
				3BFFAE791CACF7F40099D766 /* Release */,
			);
			defaultConfigurationIsVisible = 0;
			defaultConfigurationName = Release;
		};
		3BFFAE7A1CACF7F40099D766 /* Build configuration list for PBXNativeTarget "SchoolMarket" */ = {
			isa = XCConfigurationList;
			buildConfigurations = (
				3BFFAE7B1CACF7F40099D766 /* Debug */,
				3BFFAE7C1CACF7F40099D766 /* Release */,
			);
			defaultConfigurationIsVisible = 0;
			defaultConfigurationName = Release;
		};
		3BFFAE7D1CACF7F40099D766 /* Build configuration list for PBXNativeTarget "SchoolMarketTests" */ = {
			isa = XCConfigurationList;
			buildConfigurations = (
				3BFFAE7E1CACF7F40099D766 /* Debug */,
				3BFFAE7F1CACF7F40099D766 /* Release */,
			);
			defaultConfigurationIsVisible = 0;
			defaultConfigurationName = Release;
		};
		3BFFAE801CACF7F40099D766 /* Build configuration list for PBXNativeTarget "SchoolMarketUITests" */ = {
			isa = XCConfigurationList;
			buildConfigurations = (
				3BFFAE811CACF7F40099D766 /* Debug */,
				3BFFAE821CACF7F40099D766 /* Release */,
			);
			defaultConfigurationIsVisible = 0;
			defaultConfigurationName = Release;
		};
/* End XCConfigurationList section */
	};
	rootObject = 3BFFAE451CACF7F30099D766 /* Project object */;
}
